github.com/conduitio/bwlimit v0.1.0 h1:x3ijON0TSghQob4tFKaEvKixFmYKfVJQeSpXluC2JvE=
github.com/conduitio/bwlimit v0.1.0/go.mod h1:E+ASZ1/5L33MTb8hJTERs5Xnmh6Ulq3jbRh7LrdbXWU=
github.com/elazarl/goproxy/ext v0.0.0-20231117061959-7cc037d33fb5 h1:iGoePcl8bIDJxxRAL2Q4E4Rt35z5m917RJb8lAvdrQw=
github.com/elazarl/goproxy/ext v0.0.0-20231117061959-7cc037d33fb5/go.mod h1:gNh8nYJoAm43RfaxurUnxr+N1PwuFV3ZMl/efxlIlY8=
github.com/gorhill/cronexpr v0.0.0-20180427100037-88b0669f7d75 h1:f0n1xnMSmBLzVfsMMvriDyA75NB/oBgILX2GcHXIQzY=
github.com/gorhill/cronexpr v0.0.0-20180427100037-88b0669f7d75/go.mod h1:g2644b03hfBX9Ov0ZBDgXXens4rxSxmqFBbhvKv2yVA=
github.com/rogpeppe/go-charset v0.0.0-20180617210344-2471d30d28b4/go.mod h1:qgYeAmZ5ZIpBWTGllZSQnw97Dj+woV0toclVaRGI8pc=
golang.org/x/time v0.5.0 h1:o7cqy6amK/52YcAKIPlM3a+Fpj35zvRj2TP+e1xFSfk=
golang.org/x/time v0.5.0/go.mod h1:3BpzKBy/shNhVucY/MWOyx10tF3SFh9QdLuxbVysPQM=
